// !$*UTF8*$!
{
	archiveVersion = 1;
	classes = {
	};
	objectVersion = 46;
	objects = {

/* Begin PBXBuildFile section */
		434338741F6D5BC00037E851 /* AppDelegate.swift in Sources */ = {isa = PBXBuildFile; fileRef = 434338731F6D5BC00037E851 /* AppDelegate.swift */; };
		434338761F6D5BC00037E851 /* ViewController.swift in Sources */ = {isa = PBXBuildFile; fileRef = 434338751F6D5BC00037E851 /* ViewController.swift */; };
		434338781F6D5BC00037E851 /* Assets.xcassets in Resources */ = {isa = PBXBuildFile; fileRef = 434338771F6D5BC00037E851 /* Assets.xcassets */; };
		4343387B1F6D5BC00037E851 /* Main.storyboard in Resources */ = {isa = PBXBuildFile; fileRef = 434338791F6D5BC00037E851 /* Main.storyboard */; };
		434338831F6D5CEA0037E851 /* Engine.swift in Sources */ = {isa = PBXBuildFile; fileRef = 434338821F6D5CEA0037E851 /* Engine.swift */; };
		434338871F6D64CD0037E851 /* EngineHelper.m in Sources */ = {isa = PBXBuildFile; fileRef = 434338861F6D64CD0037E851 /* EngineHelper.m */; };
/* End PBXBuildFile section */

/* Begin PBXFileReference section */
		434338701F6D5BC00037E851 /* MacAccelerator.app */ = {isa = PBXFileReference; explicitFileType = wrapper.application; includeInIndex = 0; path = MacAccelerator.app; sourceTree = BUILT_PRODUCTS_DIR; };
		434338731F6D5BC00037E851 /* AppDelegate.swift */ = {isa = PBXFileReference; lastKnownFileType = sourcecode.swift; path = AppDelegate.swift; sourceTree = "<group>"; };
		434338751F6D5BC00037E851 /* ViewController.swift */ = {isa = PBXFileReference; lastKnownFileType = sourcecode.swift; path = ViewController.swift; sourceTree = "<group>"; };
		434338771F6D5BC00037E851 /* Assets.xcassets */ = {isa = PBXFileReference; lastKnownFileType = folder.assetcatalog; path = Assets.xcassets; sourceTree = "<group>"; };
		4343387A1F6D5BC00037E851 /* Base */ = {isa = PBXFileReference; lastKnownFileType = file.storyboard; name = Base; path = Base.lproj/Main.storyboard; sourceTree = "<group>"; };
		4343387C1F6D5BC00037E851 /* Info.plist */ = {isa = PBXFileReference; lastKnownFileType = text.plist.xml; path = Info.plist; sourceTree = "<group>"; };
		434338821F6D5CEA0037E851 /* Engine.swift */ = {isa = PBXFileReference; fileEncoding = 4; lastKnownFileType = sourcecode.swift; path = Engine.swift; sourceTree = "<group>"; };
		434338841F6D64CD0037E851 /* MacAccelerator-Bridging-Header.h */ = {isa = PBXFileReference; lastKnownFileType = sourcecode.c.h; path = "MacAccelerator-Bridging-Header.h"; sourceTree = "<group>"; };
		434338851F6D64CD0037E851 /* EngineHelper.h */ = {isa = PBXFileReference; fileEncoding = 4; lastKnownFileType = sourcecode.c.h; path = EngineHelper.h; sourceTree = "<group>"; };
		434338861F6D64CD0037E851 /* EngineHelper.m */ = {isa = PBXFileReference; fileEncoding = 4; lastKnownFileType = sourcecode.c.objc; path = EngineHelper.m; sourceTree = "<group>"; };
/* End PBXFileReference section */

/* Begin PBXFrameworksBuildPhase section */
		4343386D1F6D5BC00037E851 /* Frameworks */ = {
			isa = PBXFrameworksBuildPhase;
			buildActionMask = 2147483647;
			files = (
			);
			runOnlyForDeploymentPostprocessing = 0;
		};
/* End PBXFrameworksBuildPhase section */

/* Begin PBXGroup section */
		434338671F6D5BC00037E851 = {
			isa = PBXGroup;
			children = (
				434338721F6D5BC00037E851 /* MacAccelerator */,
				434338711F6D5BC00037E851 /* Products */,
			);
			sourceTree = "<group>";
		};
		434338711F6D5BC00037E851 /* Products */ = {
			isa = PBXGroup;
			children = (
				434338701F6D5BC00037E851 /* MacAccelerator.app */,
			);
			name = Products;
			sourceTree = "<group>";
		};
		434338721F6D5BC00037E851 /* MacAccelerator */ = {
			isa = PBXGroup;
			children = (
				434338731F6D5BC00037E851 /* AppDelegate.swift */,
				434338751F6D5BC00037E851 /* ViewController.swift */,
				434338821F6D5CEA0037E851 /* Engine.swift */,
				434338851F6D64CD0037E851 /* EngineHelper.h */,
				434338861F6D64CD0037E851 /* EngineHelper.m */,
				434338771F6D5BC00037E851 /* Assets.xcassets */,
				434338791F6D5BC00037E851 /* Main.storyboard */,
				4343387C1F6D5BC00037E851 /* Info.plist */,
				434338841F6D64CD0037E851 /* MacAccelerator-Bridging-Header.h */,
			);
			path = MacAccelerator;
			sourceTree = "<group>";
		};
/* End PBXGroup section */

/* Begin PBXNativeTarget section */
		4343386F1F6D5BC00037E851 /* MacAccelerator */ = {
			isa = PBXNativeTarget;
			buildConfigurationList = 4343387F1F6D5BC00037E851 /* Build configuration list for PBXNativeTarget "MacAccelerator" */;
			buildPhases = (
				4343386C1F6D5BC00037E851 /* Sources */,
				4343386D1F6D5BC00037E851 /* Frameworks */,
				4343386E1F6D5BC00037E851 /* Resources */,
			);
			buildRules = (
			);
			dependencies = (
			);
			name = MacAccelerator;
			productName = MacAccelerator;
			productReference = 434338701F6D5BC00037E851 /* MacAccelerator.app */;
			productType = "com.apple.product-type.application";
		};
/* End PBXNativeTarget section */

/* Begin PBXProject section */
		434338681F6D5BC00037E851 /* Project object */ = {
			isa = PBXProject;
			attributes = {
				LastSwiftUpdateCheck = 0830;
				LastUpgradeCheck = 0830;
				ORGANIZATIONNAME = "Andrey Tarantsov";
				TargetAttributes = {
					4343386F1F6D5BC00037E851 = {
						CreatedOnToolsVersion = 8.3.3;
						DevelopmentTeam = D963M2VVCH;
						LastSwiftMigration = 0830;
						ProvisioningStyle = Automatic;
					};
				};
			};
			buildConfigurationList = 4343386B1F6D5BC00037E851 /* Build configuration list for PBXProject "MacAccelerator" */;
			compatibilityVersion = "Xcode 3.2";
			developmentRegion = English;
			hasScannedForEncodings = 0;
			knownRegions = (
				en,
				Base,
			);
			mainGroup = 434338671F6D5BC00037E851;
			productRefGroup = 434338711F6D5BC00037E851 /* Products */;
			projectDirPath = "";
			projectRoot = "";
			targets = (
				4343386F1F6D5BC00037E851 /* MacAccelerator */,
			);
		};
/* End PBXProject section */

/* Begin PBXResourcesBuildPhase section */
		4343386E1F6D5BC00037E851 /* Resources */ = {
			isa = PBXResourcesBuildPhase;
			buildActionMask = 2147483647;
			files = (
				434338781F6D5BC00037E851 /* Assets.xcassets in Resources */,
				4343387B1F6D5BC00037E851 /* Main.storyboard in Resources */,
			);
			runOnlyForDeploymentPostprocessing = 0;
		};
/* End PBXResourcesBuildPhase section */

/* Begin PBXSourcesBuildPhase section */
		4343386C1F6D5BC00037E851 /* Sources */ = {
			isa = PBXSourcesBuildPhase;
			buildActionMask = 2147483647;
			files = (
				434338761F6D5BC00037E851 /* ViewController.swift in Sources */,
				434338831F6D5CEA0037E851 /* Engine.swift in Sources */,
				434338741F6D5BC00037E851 /* AppDelegate.swift in Sources */,
				434338871F6D64CD0037E851 /* EngineHelper.m in Sources */,
			);
			runOnlyForDeploymentPostprocessing = 0;
		};
/* End PBXSourcesBuildPhase section */

/* Begin PBXVariantGroup section */
		434338791F6D5BC00037E851 /* Main.storyboard */ = {
			isa = PBXVariantGroup;
			children = (
				4343387A1F6D5BC00037E851 /* Base */,
			);
			name = Main.storyboard;
			sourceTree = "<group>";
		};
/* End PBXVariantGroup section */

/* Begin XCBuildConfiguration section */
		4343387D1F6D5BC00037E851 /* Debug */ = {
			isa = XCBuildConfiguration;
			buildSettings = {
				ALWAYS_SEARCH_USER_PATHS = NO;
				CLANG_ANALYZER_NONNULL = YES;
				CLANG_ANALYZER_NUMBER_OBJECT_CONVERSION = YES_AGGRESSIVE;
				CLANG_CXX_LANGUAGE_STANDARD = "gnu++0x";
				CLANG_CXX_LIBRARY = "libc++";
				CLANG_ENABLE_MODULES = YES;
				CLANG_ENABLE_OBJC_ARC = YES;
				CLANG_WARN_BOOL_CONVERSION = YES;
				CLANG_WARN_CONSTANT_CONVERSION = YES;
				CLANG_WARN_DIRECT_OBJC_ISA_USAGE = YES_ERROR;
				CLANG_WARN_DOCUMENTATION_COMMENTS = YES;
				CLANG_WARN_EMPTY_BODY = YES;
				CLANG_WARN_ENUM_CONVERSION = YES;
				CLANG_WARN_INFINITE_RECURSION = YES;
				CLANG_WARN_INT_CONVERSION = YES;
				CLANG_WARN_OBJC_ROOT_CLASS = YES_ERROR;
				CLANG_WARN_SUSPICIOUS_MOVE = YES;
				CLANG_WARN_UNREACHABLE_CODE = YES;
				CLANG_WARN__DUPLICATE_METHOD_MATCH = YES;
				CODE_SIGN_IDENTITY = "-";
				COPY_PHASE_STRIP = NO;
				DEBUG_INFORMATION_FORMAT = dwarf;
				ENABLE_STRICT_OBJC_MSGSEND = YES;
				ENABLE_TESTABILITY = YES;
				GCC_C_LANGUAGE_STANDARD = gnu99;
				GCC_DYNAMIC_NO_PIC = NO;
				GCC_NO_COMMON_BLOCKS = YES;
				GCC_OPTIMIZATION_LEVEL = 0;
				GCC_PREPROCESSOR_DEFINITIONS = (
					"DEBUG=1",
					"$(inherited)",
				);
				GCC_WARN_64_TO_32_BIT_CONVERSION = YES;
				GCC_WARN_ABOUT_RETURN_TYPE = YES_ERROR;
				GCC_WARN_UNDECLARED_SELECTOR = YES;
				GCC_WARN_UNINITIALIZED_AUTOS = YES_AGGRESSIVE;
				GCC_WARN_UNUSED_FUNCTION = YES;
				GCC_WARN_UNUSED_VARIABLE = YES;
				MACOSX_DEPLOYMENT_TARGET = 10.12;
				MTL_ENABLE_DEBUG_INFO = YES;
				ONLY_ACTIVE_ARCH = YES;
				SDKROOT = macosx;
				SWIFT_ACTIVE_COMPILATION_CONDITIONS = DEBUG;
				SWIFT_OPTIMIZATION_LEVEL = "-Onone";
			};
			name = Debug;
		};
		4343387E1F6D5BC00037E851 /* Release */ = {
			isa = XCBuildConfiguration;
			buildSettings = {
				ALWAYS_SEARCH_USER_PATHS = NO;
				CLANG_ANALYZER_NONNULL = YES;
				CLANG_ANALYZER_NUMBER_OBJECT_CONVERSION = YES_AGGRESSIVE;
				CLANG_CXX_LANGUAGE_STANDARD = "gnu++0x";
				CLANG_CXX_LIBRARY = "libc++";
				CLANG_ENABLE_MODULES = YES;
				CLANG_ENABLE_OBJC_ARC = YES;
				CLANG_WARN_BOOL_CONVERSION = YES;
				CLANG_WARN_CONSTANT_CONVERSION = YES;
				CLANG_WARN_DIRECT_OBJC_ISA_USAGE = YES_ERROR;
				CLANG_WARN_DOCUMENTATION_COMMENTS = YES;
				CLANG_WARN_EMPTY_BODY = YES;
				CLANG_WARN_ENUM_CONVERSION = YES;
				CLANG_WARN_INFINITE_RECURSION = YES;
				CLANG_WARN_INT_CONVERSION = YES;
				CLANG_WARN_OBJC_ROOT_CLASS = YES_ERROR;
				CLANG_WARN_SUSPICIOUS_MOVE = YES;
				CLANG_WARN_UNREACHABLE_CODE = YES;
				CLANG_WARN__DUPLICATE_METHOD_MATCH = YES;
				CODE_SIGN_IDENTITY = "-";
				COPY_PHASE_STRIP = NO;
				DEBUG_INFORMATION_FORMAT = "dwarf-with-dsym";
				ENABLE_NS_ASSERTIONS = NO;
				ENABLE_STRICT_OBJC_MSGSEND = YES;
				GCC_C_LANGUAGE_STANDARD = gnu99;
				GCC_NO_COMMON_BLOCKS = YES;
				GCC_WARN_64_TO_32_BIT_CONVERSION = YES;
				GCC_WARN_ABOUT_RETURN_TYPE = YES_ERROR;
				GCC_WARN_UNDECLARED_SELECTOR = YES;
				GCC_WARN_UNINITIALIZED_AUTOS = YES_AGGRESSIVE;
				GCC_WARN_UNUSED_FUNCTION = YES;
				GCC_WARN_UNUSED_VARIABLE = YES;
				MACOSX_DEPLOYMENT_TARGET = 10.12;
				MTL_ENABLE_DEBUG_INFO = NO;
				SDKROOT = macosx;
				SWIFT_OPTIMIZATION_LEVEL = "-Owholemodule";
			};
			name = Release;
		};
		434338801F6D5BC00037E851 /* Debug */ = {
			isa = XCBuildConfiguration;
			buildSettings = {
				ASSETCATALOG_COMPILER_APPICON_NAME = AppIcon;
				CLANG_ENABLE_MODULES = YES;
				COMBINE_HIDPI_IMAGES = YES;
				DEVELOPMENT_TEAM = D963M2VVCH;
				INFOPLIST_FILE = MacAccelerator/Info.plist;
				LD_RUNPATH_SEARCH_PATHS = "$(inherited) @executable_path/../Frameworks";
				PRODUCT_BUNDLE_IDENTIFIER = com.tarantsov.MacAccelerator;
				PRODUCT_NAME = "$(TARGET_NAME)";
				SWIFT_OBJC_BRIDGING_HEADER = "MacAccelerator/MacAccelerator-Bridging-Header.h";
				SWIFT_OPTIMIZATION_LEVEL = "-Onone";
				SWIFT_VERSION = 3.0;
			};
			name = Debug;
		};
		434338811F6D5BC00037E851 /* Release */ = {
			isa = XCBuildConfiguration;
			buildSettings = {
				ASSETCATALOG_COMPILER_APPICON_NAME = AppIcon;
				CLANG_ENABLE_MODULES = YES;
				COMBINE_HIDPI_IMAGES = YES;
				DEVELOPMENT_TEAM = D963M2VVCH;
				INFOPLIST_FILE = MacAccelerator/Info.plist;
				LD_RUNPATH_SEARCH_PATHS = "$(inherited) @executable_path/../Frameworks";
				PRODUCT_BUNDLE_IDENTIFIER = com.tarantsov.MacAccelerator;
				PRODUCT_NAME = "$(TARGET_NAME)";
				SWIFT_OBJC_BRIDGING_HEADER = "MacAccelerator/MacAccelerator-Bridging-Header.h";
				SWIFT_VERSION = 3.0;
			};
			name = Release;
		};
/* End XCBuildConfiguration section */

/* Begin XCConfigurationList section */
		4343386B1F6D5BC00037E851 /* Build configuration list for PBXProject "MacAccelerator" */ = {
			isa = XCConfigurationList;
			buildConfigurations = (
				4343387D1F6D5BC00037E851 /* Debug */,
				4343387E1F6D5BC00037E851 /* Release */,
			);
			defaultConfigurationIsVisible = 0;
			defaultConfigurationName = Release;
		};
		4343387F1F6D5BC00037E851 /* Build configuration list for PBXNativeTarget "MacAccelerator" */ = {
			isa = XCConfigurationList;
			buildConfigurations = (
				434338801F6D5BC00037E851 /* Debug */,
				434338811F6D5BC00037E851 /* Release */,
			);
			defaultConfigurationIsVisible = 0;
		};
/* End XCConfigurationList section */
	};
	rootObject = 434338681F6D5BC00037E851 /* Project object */;
}
